
Microsoft Visual Studio Solution File, Format Version 12.00
# Visual Studio Version 17
VisualStudioVersion = 17.7.34031.279
MinimumVisualStudioVersion = 10.0.40219.1
Project("{8BC9CEB8-8B4A-11D0-8D11-00A0C91BC942}") = "Project1", "Project1.vcxproj", "{CA3C5F26-4904-45FF-B210-1EE31E915FBC}"
EndProject
Global
	GlobalSection(SolutionConfigurationPlatforms) = preSolution
		Debug|x64 = Debug|x64
		Debug|x86 = Debug|x86
		Release|x64 = Release|x64
		Release|x86 = Release|x86
	EndGlobalSection
	GlobalSection(ProjectConfigurationPlatforms) = postSolution
		{CA3C5F26-4904-45FF-B210-1EE31E915FBC}.Debug|x64.ActiveCfg = Debug|x64
		{CA3C5F26-4904-45FF-B210-1EE31E915FBC}.Debug|x64.Build.0 = Debug|x64
		{CA3C5F26-4904-45FF-B210-1EE31E915FBC}.Debug|x86.ActiveCfg = Debug|Win32
		{CA3C5F26-4904-45FF-B210-1EE31E915FBC}.Debug|x86.Build.0 = Debug|Win32
		{CA3C5F26-4904-45FF-B210-1EE31E915FBC}.Release|x64.ActiveCfg = Release|x64
		{CA3C5F26-4904-45FF-B210-1EE31E915FBC}.Release|x64.Build.0 = Release|x64
		{CA3C5F26-4904-45FF-B210-1EE31E915FBC}.Release|x86.ActiveCfg = Release|Win32
		{CA3C5F26-4904-45FF-B210-1EE31E915FBC}.Release|x86.Build.0 = Release|Win32
	EndGlobalSection
	GlobalSection(SolutionProperties) = preSolution
		HideSolutionNode = FALSE
	EndGlobalSection
	GlobalSection(ExtensibilityGlobals) = postSolution
		SolutionGuid = {075A6330-9259-410B-B5D8-F5D875243E90}
	EndGlobalSection
EndGlobal
